Microsoft Visual Studio Solution File, Format Version 12.00
# Visual Studio 16
VisualStudioVersion = 12.0.30723.0
MinimumVisualStudioVersion = 10.0.40219.1
Project("{FAE04EC0-301F-11D3-BF4B-00C04F79EFBC}") = "WpfApplication25", "WpfApplication25\WpfApplication25.Net5.csproj", "{8E4EA7A9-4AC9-4B1F-955C-0F056D14DD79}"
EndProject
Global
	GlobalSection(SolutionConfigurationPlatforms) = preSolution
		Debug|Any CPU = Debug|Any CPU
		Release|Any CPU = Release|Any CPU
	EndGlobalSection
	GlobalSection(ProjectConfigurationPlatforms) = postSolution
		{8E4EA7A9-4AC9-4B1F-955C-0F056D14DD79}.Debug|Any CPU.ActiveCfg = Debug|Any CPU
		{8E4EA7A9-4AC9-4B1F-955C-0F056D14DD79}.Debug|Any CPU.Build.0 = Debug|Any CPU
		{8E4EA7A9-4AC9-4B1F-955C-0F056D14DD79}.Release|Any CPU.ActiveCfg = Release|Any CPU
		{8E4EA7A9-4AC9-4B1F-955C-0F056D14DD79}.Release|Any CPU.Build.0 = Release|Any CPU
	EndGlobalSection
	GlobalSection(SolutionProperties) = preSolution
		HideSolutionNode = FALSE
	EndGlobalSection
EndGlobal
